PODS:
  - Alamofire (4.4.0)
  - AWSCore (2.5.2)
  - AWSS3 (2.5.2):
    - AWSCore (= 2.5.2)
  - Bolts (1.8.4):
    - Bolts/AppLinks (= 1.8.4)
    - Bolts/Tasks (= 1.8.4)
  - Bolts/AppLinks (1.8.4):
    - Bolts/Tasks
  - Bolts/Tasks (1.8.4)
  - Fabric (1.6.11)
  - FacebookCore (0.2.0):
    - Bolts (~> 1.8)
    - FBSDKCoreKit (~> 4.15)
  - FacebookLogin (0.2.0):
    - Bolts (~> 1.8)
    - FacebookCore (~> 0.2)
    - FBSDKCoreKit (~> 4.15)
    - FBSDKLoginKit (~> 4.15)
  - FacebookShare (0.2.0):
    - Bolts (~> 1.8)
    - FacebookCore (~> 0.2)
    - FBSDKCoreKit (~> 4.15)
    - FBSDKShareKit (~> 4.15)
  - FBSDKCoreKit (4.20.0):
    - Bolts (~> 1.7)
  - FBSDKLoginKit (4.20.0):
    - FBSDKCoreKit
  - FBSDKShareKit (4.20.0):
    - FBSDKCoreKit
  - SlideMenuControllerSwift (3.0.1)
  - TwitterCore (2.8.0):
    - Fabric
  - TwitterKit (2.8.1):
    - TwitterCore (>= 2.8)

DEPENDENCIES:
  - Alamofire
  - AWSS3
  - Fabric
  - FacebookCore
  - FacebookLogin
  - FacebookShare
  - SlideMenuControllerSwift
  - TwitterCore
  - TwitterKit

SPEC CHECKSUMS:
  Alamofire: dc44b1600b800eb63da6a19039a0083d62a6a62d
  AWSCore: b2fe455c2c7d6653521238c5b0b0ddb67ec4f063
  AWSS3: 1f53d780bae0a5949f11da99520c14684bc90af0
  Bolts: 8a7995239dbe724f9cba2248b766d48b7ebdd322
  Fabric: 5911403591946b8228ab1c51d98f1d7137e863c6
  FacebookCore: 2cb3f0fbff218e9d3119cec84bae983b232412de
  FacebookLogin: c9d606504735780a9e3002465a615512e0a691a5
  FacebookShare: 8e9ee8ea06505e6a1d3d719b0cc63e840fb8aaeb
  FBSDKCoreKit: 2d16979b28fe28c2b95af0d275ad5f9703c6c8de
  FBSDKLoginKit: a9d9391506c687e2304a590bf9312837fce7f375
  FBSDKShareKit: 1b91af62a603d67f392bc7fde63bc4a0705dde31
  SlideMenuControllerSwift: 9a163b16d54afab734add42858cba7ef7c307755
  TwitterCore: e959987be23c767004d29eb7fab8d85d8585a2e5
  TwitterKit: 3b6044a7320340326a4098f3e37aa1dbaeb94942

PODFILE CHECKSUM: a26a4ba17d10e242a9e7db6faaa0e61ce6cc95c9

COCOAPODS: 1.2.0
